Microsoft Visual Studio Solution File, Format Version 12.00
# Visual Studio Version 17
VisualStudioVersion = 17.5.2.0
MinimumVisualStudioVersion = 10.0.40219.1
Project("{2150E333-8FDC-42A3-9474-1A3956D46DE8}") = "backend", "backend", "{1AE8ACA6-933B-BF2A-3671-3E2EAC007D16}"
EndProject
Project("{FAE04EC0-301F-11D3-BF4B-00C04F79EFBC}") = "CountdownApi", "backend\CountdownApi\CountdownApi.csproj", "{017275FB-BAE9-40B1-F10B-68E67429FD79}"
EndProject
Global
	GlobalSection(SolutionConfigurationPlatforms) = preSolution
		Debug|Any CPU = Debug|Any CPU
		Release|Any CPU = Release|Any CPU
	EndGlobalSection
	GlobalSection(ProjectConfigurationPlatforms) = postSolution
		{017275FB-BAE9-40B1-F10B-68E67429FD79}.Debug|Any CPU.ActiveCfg = Debug|Any CPU
		{017275FB-BAE9-40B1-F10B-68E67429FD79}.Debug|Any CPU.Build.0 = Debug|Any CPU
		{017275FB-BAE9-40B1-F10B-68E67429FD79}.Release|Any CPU.ActiveCfg = Release|Any CPU
		{017275FB-BAE9-40B1-F10B-68E67429FD79}.Release|Any CPU.Build.0 = Release|Any CPU
	EndGlobalSection
	GlobalSection(SolutionProperties) = preSolution
		HideSolutionNode = FALSE
	EndGlobalSection
	GlobalSection(NestedProjects) = preSolution
		{017275FB-BAE9-40B1-F10B-68E67429FD79} = {1AE8ACA6-933B-BF2A-3671-3E2EAC007D16}
	EndGlobalSection
	GlobalSection(ExtensibilityGlobals) = postSolution
		SolutionGuid = {BB4917DF-861F-411C-9B8B-418802582574}
	EndGlobalSection
EndGlobal
